
Microsoft Visual Studio Solution File, Format Version 12.00
Project("{FAE04EC0-301F-11D3-BF4B-00C04F79EFBC}") = "Challenge001", "Challenge001\Challenge001.csproj", "{BF148600-AEEE-4803-A8AA-5B5A24A83573}"
EndProject
Project("{FAE04EC0-301F-11D3-BF4B-00C04F79EFBC}") = "Challenge002", "Challenge002\Challenge002.csproj", "{406CF52C-DCF0-4A92-99E5-7D63B84588B3}"
EndProject
Project("{FAE04EC0-301F-11D3-BF4B-00C04F79EFBC}") = "Challenge003", "Challenge003\Challenge003.csproj", "{1F4888FC-311B-407A-958D-EAE90CC70FE7}"
EndProject
Project("{FAE04EC0-301F-11D3-BF4B-00C04F79EFBC}") = "Challenge004", "Challenge004\Challenge004.csproj", "{9E9DF438-7758-4DA5-B108-2AE64B72B8E4}"
EndProject
Project("{FAE04EC0-301F-11D3-BF4B-00C04F79EFBC}") = "Challenge005", "Challenge005\Challenge005.csproj", "{4F7CDFF3-1EA7-4F0C-93E6-9BA0F880B0DA}"
EndProject
Project("{FAE04EC0-301F-11D3-BF4B-00C04F79EFBC}") = "Challenge006", "Challenge006\Challenge006.csproj", "{86D10C6F-6C19-4F4C-82FA-EC5DF97577AF}"
EndProject
Project("{FAE04EC0-301F-11D3-BF4B-00C04F79EFBC}") = "Challenge007", "Challenge007\Challenge007.csproj", "{2A57FE48-5503-44D5-9394-720279C0FC85}"
EndProject
Project("{FAE04EC0-301F-11D3-BF4B-00C04F79EFBC}") = "Challenge008", "Challenge008\Challenge008.csproj", "{A12D1F53-29C8-4A73-846C-91D3FF933F09}"
EndProject
Project("{FAE04EC0-301F-11D3-BF4B-00C04F79EFBC}") = "Challenge009", "Challenge009\Challenge009.csproj", "{9E09084B-DDAE-4942-A9B2-BBA05CB1EC9A}"
EndProject
Project("{FAE04EC0-301F-11D3-BF4B-00C04F79EFBC}") = "Challenge010", "Challenge010\Challenge010.csproj", "{0C972F37-1A49-4CFD-B58E-07BA0F505CD8}"
EndProject
Project("{FAE04EC0-301F-11D3-BF4B-00C04F79EFBC}") = "Challenge011", "Challenge011\Challenge011.csproj", "{3D90F67C-EA8A-41C7-8794-CE58990FA3B4}"
EndProject
Global
	GlobalSection(SolutionConfigurationPlatforms) = preSolution
		Debug|Any CPU = Debug|Any CPU
		Release|Any CPU = Release|Any CPU
	EndGlobalSection
	GlobalSection(ProjectConfigurationPlatforms) = postSolution
		{BF148600-AEEE-4803-A8AA-5B5A24A83573}.Debug|Any CPU.ActiveCfg = Debug|Any CPU
		{BF148600-AEEE-4803-A8AA-5B5A24A83573}.Debug|Any CPU.Build.0 = Debug|Any CPU
		{BF148600-AEEE-4803-A8AA-5B5A24A83573}.Release|Any CPU.ActiveCfg = Release|Any CPU
		{BF148600-AEEE-4803-A8AA-5B5A24A83573}.Release|Any CPU.Build.0 = Release|Any CPU
		{406CF52C-DCF0-4A92-99E5-7D63B84588B3}.Debug|Any CPU.ActiveCfg = Debug|Any CPU
		{406CF52C-DCF0-4A92-99E5-7D63B84588B3}.Debug|Any CPU.Build.0 = Debug|Any CPU
		{406CF52C-DCF0-4A92-99E5-7D63B84588B3}.Release|Any CPU.ActiveCfg = Release|Any CPU
		{406CF52C-DCF0-4A92-99E5-7D63B84588B3}.Release|Any CPU.Build.0 = Release|Any CPU
		{1F4888FC-311B-407A-958D-EAE90CC70FE7}.Debug|Any CPU.ActiveCfg = Debug|Any CPU
		{1F4888FC-311B-407A-958D-EAE90CC70FE7}.Debug|Any CPU.Build.0 = Debug|Any CPU
		{1F4888FC-311B-407A-958D-EAE90CC70FE7}.Release|Any CPU.ActiveCfg = Release|Any CPU
		{1F4888FC-311B-407A-958D-EAE90CC70FE7}.Release|Any CPU.Build.0 = Release|Any CPU
		{9E9DF438-7758-4DA5-B108-2AE64B72B8E4}.Debug|Any CPU.ActiveCfg = Debug|Any CPU
		{9E9DF438-7758-4DA5-B108-2AE64B72B8E4}.Debug|Any CPU.Build.0 = Debug|Any CPU
		{9E9DF438-7758-4DA5-B108-2AE64B72B8E4}.Release|Any CPU.ActiveCfg = Release|Any CPU
		{9E9DF438-7758-4DA5-B108-2AE64B72B8E4}.Release|Any CPU.Build.0 = Release|Any CPU
		{4F7CDFF3-1EA7-4F0C-93E6-9BA0F880B0DA}.Debug|Any CPU.ActiveCfg = Debug|Any CPU
		{4F7CDFF3-1EA7-4F0C-93E6-9BA0F880B0DA}.Debug|Any CPU.Build.0 = Debug|Any CPU
		{4F7CDFF3-1EA7-4F0C-93E6-9BA0F880B0DA}.Release|Any CPU.ActiveCfg = Release|Any CPU
		{4F7CDFF3-1EA7-4F0C-93E6-9BA0F880B0DA}.Release|Any CPU.Build.0 = Release|Any CPU
		{86D10C6F-6C19-4F4C-82FA-EC5DF97577AF}.Debug|Any CPU.ActiveCfg = Debug|Any CPU
		{86D10C6F-6C19-4F4C-82FA-EC5DF97577AF}.Debug|Any CPU.Build.0 = Debug|Any CPU
		{86D10C6F-6C19-4F4C-82FA-EC5DF97577AF}.Release|Any CPU.ActiveCfg = Release|Any CPU
		{86D10C6F-6C19-4F4C-82FA-EC5DF97577AF}.Release|Any CPU.Build.0 = Release|Any CPU
		{2A57FE48-5503-44D5-9394-720279C0FC85}.Debug|Any CPU.ActiveCfg = Debug|Any CPU
		{2A57FE48-5503-44D5-9394-720279C0FC85}.Debug|Any CPU.Build.0 = Debug|Any CPU
		{2A57FE48-5503-44D5-9394-720279C0FC85}.Release|Any CPU.ActiveCfg = Release|Any CPU
		{2A57FE48-5503-44D5-9394-720279C0FC85}.Release|Any CPU.Build.0 = Release|Any CPU
		{A12D1F53-29C8-4A73-846C-91D3FF933F09}.Debug|Any CPU.ActiveCfg = Debug|Any CPU
		{A12D1F53-29C8-4A73-846C-91D3FF933F09}.Debug|Any CPU.Build.0 = Debug|Any CPU
		{A12D1F53-29C8-4A73-846C-91D3FF933F09}.Release|Any CPU.ActiveCfg = Release|Any CPU
		{A12D1F53-29C8-4A73-846C-91D3FF933F09}.Release|Any CPU.Build.0 = Release|Any CPU
		{9E09084B-DDAE-4942-A9B2-BBA05CB1EC9A}.Debug|Any CPU.ActiveCfg = Debug|Any CPU
		{9E09084B-DDAE-4942-A9B2-BBA05CB1EC9A}.Debug|Any CPU.Build.0 = Debug|Any CPU
		{9E09084B-DDAE-4942-A9B2-BBA05CB1EC9A}.Release|Any CPU.ActiveCfg = Release|Any CPU
		{9E09084B-DDAE-4942-A9B2-BBA05CB1EC9A}.Release|Any CPU.Build.0 = Release|Any CPU
		{0C972F37-1A49-4CFD-B58E-07BA0F505CD8}.Debug|Any CPU.ActiveCfg = Debug|Any CPU
		{0C972F37-1A49-4CFD-B58E-07BA0F505CD8}.Debug|Any CPU.Build.0 = Debug|Any CPU
		{0C972F37-1A49-4CFD-B58E-07BA0F505CD8}.Release|Any CPU.ActiveCfg = Release|Any CPU
		{0C972F37-1A49-4CFD-B58E-07BA0F505CD8}.Release|Any CPU.Build.0 = Release|Any CPU
		{3D90F67C-EA8A-41C7-8794-CE58990FA3B4}.Debug|Any CPU.ActiveCfg = Debug|Any CPU
		{3D90F67C-EA8A-41C7-8794-CE58990FA3B4}.Debug|Any CPU.Build.0 = Debug|Any CPU
		{3D90F67C-EA8A-41C7-8794-CE58990FA3B4}.Release|Any CPU.ActiveCfg = Release|Any CPU
		{3D90F67C-EA8A-41C7-8794-CE58990FA3B4}.Release|Any CPU.Build.0 = Release|Any CPU
	EndGlobalSection
EndGlobal
