
Microsoft Visual Studio Solution File, Format Version 12.00
Project("{FAE04EC0-301F-11D3-BF4B-00C04F79EFBC}") = "Challenge001", "Challenge001\Challenge001.csproj", "{BF148600-AEEE-4803-A8AA-5B5A24A83573}"
EndProject
Project("{FAE04EC0-301F-11D3-BF4B-00C04F79EFBC}") = "Challenge002", "Challenge002\Challenge002.csproj", "{406CF52C-DCF0-4A92-99E5-7D63B84588B3}"
EndProject
Project("{FAE04EC0-301F-11D3-BF4B-00C04F79EFBC}") = "Challenge003", "Challenge003\Challenge003.csproj", "{1F4888FC-311B-407A-958D-EAE90CC70FE7}"
EndProject
Project("{FAE04EC0-301F-11D3-BF4B-00C04F79EFBC}") = "Challenge004", "Challenge004\Challenge004.csproj", "{9E9DF438-7758-4DA5-B108-2AE64B72B8E4}"
EndProject
Project("{FAE04EC0-301F-11D3-BF4B-00C04F79EFBC}") = "Challenge005", "Challenge005\Challenge005.csproj", "{4F7CDFF3-1EA7-4F0C-93E6-9BA0F880B0DA}"
EndProject
Project("{FAE04EC0-301F-11D3-BF4B-00C04F79EFBC}") = "Challenge006", "Challenge006\Challenge006.csproj", "{86D10C6F-6C19-4F4C-82FA-EC5DF97577AF}"
EndProject
Project("{FAE04EC0-301F-11D3-BF4B-00C04F79EFBC}") = "Challenge007", "Challenge007\Challenge007.csproj", "{2A57FE48-5503-44D5-9394-720279C0FC85}"
EndProject
Project("{FAE04EC0-301F-11D3-BF4B-00C04F79EFBC}") = "Challenge008", "Challenge008\Challenge008.csproj", "{A12D1F53-29C8-4A73-846C-91D3FF933F09}"
EndProject
Project("{FAE04EC0-301F-11D3-BF4B-00C04F79EFBC}") = "Challenge009", "Challenge009\Challenge009.csproj", "{9E09084B-DDAE-4942-A9B2-BBA05CB1EC9A}"
EndProject
Project("{FAE04EC0-301F-11D3-BF4B-00C04F79EFBC}") = "Challenge010", "Challenge010\Challenge010.csproj", "{0C972F37-1A49-4CFD-B58E-07BA0F505CD8}"
EndProject
Project("{FAE04EC0-301F-11D3-BF4B-00C04F79EFBC}") = "Challenge011", "Challenge011\Challenge011.csproj", "{3D90F67C-EA8A-41C7-8794-CE58990FA3B4}"
EndProject
Project("{FAE04EC0-301F-11D3-BF4B-00C04F79EFBC}") = "Challenge012", "Challenge012\Challenge012.csproj", "{098483B8-C63A-4734-BA67-79B81761B016}"
EndProject
Project("{FAE04EC0-301F-11D3-BF4B-00C04F79EFBC}") = "Challenge013", "Challenge013\Challenge013.csproj", "{C8A0941B-BD7D-4793-9240-1A61D6F21851}"
EndProject
Project("{FAE04EC0-301F-11D3-BF4B-00C04F79EFBC}") = "Challenge014", "Challenge014\Challenge014.csproj", "{781B43FF-73F9-4373-B327-352A7003AC90}"
EndProject
Project("{FAE04EC0-301F-11D3-BF4B-00C04F79EFBC}") = "Challenge015", "Challenge015\Challenge015.csproj", "{53CDE293-0D59-4832-8573-7CE1CFE24C1D}"
EndProject
Project("{FAE04EC0-301F-11D3-BF4B-00C04F79EFBC}") = "Challenge016", "Challenge016\Challenge016.csproj", "{840372B5-EBA0-4528-8C37-D6F314544545}"
EndProject
Project("{FAE04EC0-301F-11D3-BF4B-00C04F79EFBC}") = "Challenge017", "Challenge017\Challenge017.csproj", "{DEEC00AE-9BE2-4CC0-B0C4-77580F6A8A89}"
EndProject
Project("{FAE04EC0-301F-11D3-BF4B-00C04F79EFBC}") = "Challenge018", "Challenge018\Challenge018.csproj", "{8D04FCBA-0EF0-48E5-9F6A-71E53A95932C}"
EndProject
Project("{FAE04EC0-301F-11D3-BF4B-00C04F79EFBC}") = "Challenge019", "Challenge019\Challenge019.csproj", "{9DB4486D-BAF6-4E08-9397-4787FB1CE105}"
EndProject
Project("{FAE04EC0-301F-11D3-BF4B-00C04F79EFBC}") = "Challenge020", "Challenge020\Challenge020.csproj", "{16ADF010-FB81-443D-8EB1-904B1C6CAFAA}"
EndProject
Project("{FAE04EC0-301F-11D3-BF4B-00C04F79EFBC}") = "Challenge021", "Challenge021\Challenge021.csproj", "{0789F738-7A28-4734-AA45-328C97B16AFA}"
EndProject
Project("{FAE04EC0-301F-11D3-BF4B-00C04F79EFBC}") = "Challenge022", "Challenge022\Challenge022.csproj", "{499CDEFA-76F8-424B-A79C-FB1ECEEDDF94}"
EndProject
Project("{FAE04EC0-301F-11D3-BF4B-00C04F79EFBC}") = "Challenge023", "Challenge023\Challenge023.csproj", "{EDBF213C-8EB9-421F-9A40-AA1610C72249}"
EndProject
Project("{FAE04EC0-301F-11D3-BF4B-00C04F79EFBC}") = "Challenge024", "Challenge024\Challenge024.csproj", "{820281A9-711B-4949-952D-36AE6C2214CA}"
EndProject
Project("{FAE04EC0-301F-11D3-BF4B-00C04F79EFBC}") = "Challenge025", "Challenge025\Challenge025.csproj", "{2D13CF75-5D25-4395-B506-D2DE64398A92}"
EndProject
Project("{FAE04EC0-301F-11D3-BF4B-00C04F79EFBC}") = "Challenge026", "Challenge026\Challenge026.csproj", "{0B9776FA-977E-440F-B584-CF6EE3CAC655}"
EndProject
Project("{FAE04EC0-301F-11D3-BF4B-00C04F79EFBC}") = "Challenge027", "Challenge027\Challenge027.csproj", "{743EAD5D-88B4-4BBD-AF8A-3C41149CB346}"
EndProject
Project("{FAE04EC0-301F-11D3-BF4B-00C04F79EFBC}") = "Challenge028", "Challenge028\Challenge028.csproj", "{20F6FA5A-8583-43DB-AEF1-FED3B1627031}"
EndProject
Project("{FAE04EC0-301F-11D3-BF4B-00C04F79EFBC}") = "Challenge029", "Challenge029\Challenge029.csproj", "{806BB5EE-7CE2-47E8-9A6A-D0E75ABB32DF}"
EndProject
Project("{FAE04EC0-301F-11D3-BF4B-00C04F79EFBC}") = "Challenge030", "Challenge030\Challenge030.csproj", "{B7C96456-64F3-434E-AD90-C2DCFCDAEE10}"
EndProject
Project("{FAE04EC0-301F-11D3-BF4B-00C04F79EFBC}") = "Challenge031", "Challenge031\Challenge031.csproj", "{F6F83CE5-544E-442E-AB3B-479C42B9CA84}"
EndProject
Project("{FAE04EC0-301F-11D3-BF4B-00C04F79EFBC}") = "Challenge032", "Challenge032\Challenge032.csproj", "{EC63C893-E907-47E7-A546-AAE857353D0B}"
EndProject
Project("{FAE04EC0-301F-11D3-BF4B-00C04F79EFBC}") = "Challenge033", "Challenge033\Challenge033.csproj", "{144FABF4-3BBC-44EB-9297-E0B031AD497D}"
EndProject
Project("{FAE04EC0-301F-11D3-BF4B-00C04F79EFBC}") = "Challenge034", "Challenge034\Challenge034.csproj", "{BC5C49DF-FCFA-40FB-A319-07367E99B36C}"
EndProject
Project("{FAE04EC0-301F-11D3-BF4B-00C04F79EFBC}") = "Challenge035", "Challenge035\Challenge035.csproj", "{55071B77-C6C3-4C07-9F03-DB7DE45186DF}"
EndProject
Global
	GlobalSection(SolutionConfigurationPlatforms) = preSolution
		Debug|Any CPU = Debug|Any CPU
		Release|Any CPU = Release|Any CPU
	EndGlobalSection
	GlobalSection(ProjectConfigurationPlatforms) = postSolution
		{BF148600-AEEE-4803-A8AA-5B5A24A83573}.Debug|Any CPU.ActiveCfg = Debug|Any CPU
		{BF148600-AEEE-4803-A8AA-5B5A24A83573}.Debug|Any CPU.Build.0 = Debug|Any CPU
		{BF148600-AEEE-4803-A8AA-5B5A24A83573}.Release|Any CPU.ActiveCfg = Release|Any CPU
		{BF148600-AEEE-4803-A8AA-5B5A24A83573}.Release|Any CPU.Build.0 = Release|Any CPU
		{406CF52C-DCF0-4A92-99E5-7D63B84588B3}.Debug|Any CPU.ActiveCfg = Debug|Any CPU
		{406CF52C-DCF0-4A92-99E5-7D63B84588B3}.Debug|Any CPU.Build.0 = Debug|Any CPU
		{406CF52C-DCF0-4A92-99E5-7D63B84588B3}.Release|Any CPU.ActiveCfg = Release|Any CPU
		{406CF52C-DCF0-4A92-99E5-7D63B84588B3}.Release|Any CPU.Build.0 = Release|Any CPU
		{1F4888FC-311B-407A-958D-EAE90CC70FE7}.Debug|Any CPU.ActiveCfg = Debug|Any CPU
		{1F4888FC-311B-407A-958D-EAE90CC70FE7}.Debug|Any CPU.Build.0 = Debug|Any CPU
		{1F4888FC-311B-407A-958D-EAE90CC70FE7}.Release|Any CPU.ActiveCfg = Release|Any CPU
		{1F4888FC-311B-407A-958D-EAE90CC70FE7}.Release|Any CPU.Build.0 = Release|Any CPU
		{9E9DF438-7758-4DA5-B108-2AE64B72B8E4}.Debug|Any CPU.ActiveCfg = Debug|Any CPU
		{9E9DF438-7758-4DA5-B108-2AE64B72B8E4}.Debug|Any CPU.Build.0 = Debug|Any CPU
		{9E9DF438-7758-4DA5-B108-2AE64B72B8E4}.Release|Any CPU.ActiveCfg = Release|Any CPU
		{9E9DF438-7758-4DA5-B108-2AE64B72B8E4}.Release|Any CPU.Build.0 = Release|Any CPU
		{4F7CDFF3-1EA7-4F0C-93E6-9BA0F880B0DA}.Debug|Any CPU.ActiveCfg = Debug|Any CPU
		{4F7CDFF3-1EA7-4F0C-93E6-9BA0F880B0DA}.Debug|Any CPU.Build.0 = Debug|Any CPU
		{4F7CDFF3-1EA7-4F0C-93E6-9BA0F880B0DA}.Release|Any CPU.ActiveCfg = Release|Any CPU
		{4F7CDFF3-1EA7-4F0C-93E6-9BA0F880B0DA}.Release|Any CPU.Build.0 = Release|Any CPU
		{86D10C6F-6C19-4F4C-82FA-EC5DF97577AF}.Debug|Any CPU.ActiveCfg = Debug|Any CPU
		{86D10C6F-6C19-4F4C-82FA-EC5DF97577AF}.Debug|Any CPU.Build.0 = Debug|Any CPU
		{86D10C6F-6C19-4F4C-82FA-EC5DF97577AF}.Release|Any CPU.ActiveCfg = Release|Any CPU
		{86D10C6F-6C19-4F4C-82FA-EC5DF97577AF}.Release|Any CPU.Build.0 = Release|Any CPU
		{2A57FE48-5503-44D5-9394-720279C0FC85}.Debug|Any CPU.ActiveCfg = Debug|Any CPU
		{2A57FE48-5503-44D5-9394-720279C0FC85}.Debug|Any CPU.Build.0 = Debug|Any CPU
		{2A57FE48-5503-44D5-9394-720279C0FC85}.Release|Any CPU.ActiveCfg = Release|Any CPU
		{2A57FE48-5503-44D5-9394-720279C0FC85}.Release|Any CPU.Build.0 = Release|Any CPU
		{A12D1F53-29C8-4A73-846C-91D3FF933F09}.Debug|Any CPU.ActiveCfg = Debug|Any CPU
		{A12D1F53-29C8-4A73-846C-91D3FF933F09}.Debug|Any CPU.Build.0 = Debug|Any CPU
		{A12D1F53-29C8-4A73-846C-91D3FF933F09}.Release|Any CPU.ActiveCfg = Release|Any CPU
		{A12D1F53-29C8-4A73-846C-91D3FF933F09}.Release|Any CPU.Build.0 = Release|Any CPU
		{9E09084B-DDAE-4942-A9B2-BBA05CB1EC9A}.Debug|Any CPU.ActiveCfg = Debug|Any CPU
		{9E09084B-DDAE-4942-A9B2-BBA05CB1EC9A}.Debug|Any CPU.Build.0 = Debug|Any CPU
		{9E09084B-DDAE-4942-A9B2-BBA05CB1EC9A}.Release|Any CPU.ActiveCfg = Release|Any CPU
		{9E09084B-DDAE-4942-A9B2-BBA05CB1EC9A}.Release|Any CPU.Build.0 = Release|Any CPU
		{0C972F37-1A49-4CFD-B58E-07BA0F505CD8}.Debug|Any CPU.ActiveCfg = Debug|Any CPU
		{0C972F37-1A49-4CFD-B58E-07BA0F505CD8}.Debug|Any CPU.Build.0 = Debug|Any CPU
		{0C972F37-1A49-4CFD-B58E-07BA0F505CD8}.Release|Any CPU.ActiveCfg = Release|Any CPU
		{0C972F37-1A49-4CFD-B58E-07BA0F505CD8}.Release|Any CPU.Build.0 = Release|Any CPU
		{3D90F67C-EA8A-41C7-8794-CE58990FA3B4}.Debug|Any CPU.ActiveCfg = Debug|Any CPU
		{3D90F67C-EA8A-41C7-8794-CE58990FA3B4}.Debug|Any CPU.Build.0 = Debug|Any CPU
		{3D90F67C-EA8A-41C7-8794-CE58990FA3B4}.Release|Any CPU.ActiveCfg = Release|Any CPU
		{3D90F67C-EA8A-41C7-8794-CE58990FA3B4}.Release|Any CPU.Build.0 = Release|Any CPU
		{098483B8-C63A-4734-BA67-79B81761B016}.Debug|Any CPU.ActiveCfg = Debug|Any CPU
		{098483B8-C63A-4734-BA67-79B81761B016}.Debug|Any CPU.Build.0 = Debug|Any CPU
		{098483B8-C63A-4734-BA67-79B81761B016}.Release|Any CPU.ActiveCfg = Release|Any CPU
		{098483B8-C63A-4734-BA67-79B81761B016}.Release|Any CPU.Build.0 = Release|Any CPU
		{C8A0941B-BD7D-4793-9240-1A61D6F21851}.Debug|Any CPU.ActiveCfg = Debug|Any CPU
		{C8A0941B-BD7D-4793-9240-1A61D6F21851}.Debug|Any CPU.Build.0 = Debug|Any CPU
		{C8A0941B-BD7D-4793-9240-1A61D6F21851}.Release|Any CPU.ActiveCfg = Release|Any CPU
		{C8A0941B-BD7D-4793-9240-1A61D6F21851}.Release|Any CPU.Build.0 = Release|Any CPU
		{781B43FF-73F9-4373-B327-352A7003AC90}.Debug|Any CPU.ActiveCfg = Debug|Any CPU
		{781B43FF-73F9-4373-B327-352A7003AC90}.Debug|Any CPU.Build.0 = Debug|Any CPU
		{781B43FF-73F9-4373-B327-352A7003AC90}.Release|Any CPU.ActiveCfg = Release|Any CPU
		{781B43FF-73F9-4373-B327-352A7003AC90}.Release|Any CPU.Build.0 = Release|Any CPU
		{53CDE293-0D59-4832-8573-7CE1CFE24C1D}.Debug|Any CPU.ActiveCfg = Debug|Any CPU
		{53CDE293-0D59-4832-8573-7CE1CFE24C1D}.Debug|Any CPU.Build.0 = Debug|Any CPU
		{53CDE293-0D59-4832-8573-7CE1CFE24C1D}.Release|Any CPU.ActiveCfg = Release|Any CPU
		{53CDE293-0D59-4832-8573-7CE1CFE24C1D}.Release|Any CPU.Build.0 = Release|Any CPU
		{840372B5-EBA0-4528-8C37-D6F314544545}.Debug|Any CPU.ActiveCfg = Debug|Any CPU
		{840372B5-EBA0-4528-8C37-D6F314544545}.Debug|Any CPU.Build.0 = Debug|Any CPU
		{840372B5-EBA0-4528-8C37-D6F314544545}.Release|Any CPU.ActiveCfg = Release|Any CPU
		{840372B5-EBA0-4528-8C37-D6F314544545}.Release|Any CPU.Build.0 = Release|Any CPU
		{DEEC00AE-9BE2-4CC0-B0C4-77580F6A8A89}.Debug|Any CPU.ActiveCfg = Debug|Any CPU
		{DEEC00AE-9BE2-4CC0-B0C4-77580F6A8A89}.Debug|Any CPU.Build.0 = Debug|Any CPU
		{DEEC00AE-9BE2-4CC0-B0C4-77580F6A8A89}.Release|Any CPU.ActiveCfg = Release|Any CPU
		{DEEC00AE-9BE2-4CC0-B0C4-77580F6A8A89}.Release|Any CPU.Build.0 = Release|Any CPU
		{8D04FCBA-0EF0-48E5-9F6A-71E53A95932C}.Debug|Any CPU.ActiveCfg = Debug|Any CPU
		{8D04FCBA-0EF0-48E5-9F6A-71E53A95932C}.Debug|Any CPU.Build.0 = Debug|Any CPU
		{8D04FCBA-0EF0-48E5-9F6A-71E53A95932C}.Release|Any CPU.ActiveCfg = Release|Any CPU
		{8D04FCBA-0EF0-48E5-9F6A-71E53A95932C}.Release|Any CPU.Build.0 = Release|Any CPU
		{9DB4486D-BAF6-4E08-9397-4787FB1CE105}.Debug|Any CPU.ActiveCfg = Debug|Any CPU
		{9DB4486D-BAF6-4E08-9397-4787FB1CE105}.Debug|Any CPU.Build.0 = Debug|Any CPU
		{9DB4486D-BAF6-4E08-9397-4787FB1CE105}.Release|Any CPU.ActiveCfg = Release|Any CPU
		{9DB4486D-BAF6-4E08-9397-4787FB1CE105}.Release|Any CPU.Build.0 = Release|Any CPU
		{16ADF010-FB81-443D-8EB1-904B1C6CAFAA}.Debug|Any CPU.ActiveCfg = Debug|Any CPU
		{16ADF010-FB81-443D-8EB1-904B1C6CAFAA}.Debug|Any CPU.Build.0 = Debug|Any CPU
		{16ADF010-FB81-443D-8EB1-904B1C6CAFAA}.Release|Any CPU.ActiveCfg = Release|Any CPU
		{16ADF010-FB81-443D-8EB1-904B1C6CAFAA}.Release|Any CPU.Build.0 = Release|Any CPU
		{0789F738-7A28-4734-AA45-328C97B16AFA}.Debug|Any CPU.ActiveCfg = Debug|Any CPU
		{0789F738-7A28-4734-AA45-328C97B16AFA}.Debug|Any CPU.Build.0 = Debug|Any CPU
		{0789F738-7A28-4734-AA45-328C97B16AFA}.Release|Any CPU.ActiveCfg = Release|Any CPU
		{0789F738-7A28-4734-AA45-328C97B16AFA}.Release|Any CPU.Build.0 = Release|Any CPU
		{499CDEFA-76F8-424B-A79C-FB1ECEEDDF94}.Debug|Any CPU.ActiveCfg = Debug|Any CPU
		{499CDEFA-76F8-424B-A79C-FB1ECEEDDF94}.Debug|Any CPU.Build.0 = Debug|Any CPU
		{499CDEFA-76F8-424B-A79C-FB1ECEEDDF94}.Release|Any CPU.ActiveCfg = Release|Any CPU
		{499CDEFA-76F8-424B-A79C-FB1ECEEDDF94}.Release|Any CPU.Build.0 = Release|Any CPU
		{EDBF213C-8EB9-421F-9A40-AA1610C72249}.Debug|Any CPU.ActiveCfg = Debug|Any CPU
		{EDBF213C-8EB9-421F-9A40-AA1610C72249}.Debug|Any CPU.Build.0 = Debug|Any CPU
		{EDBF213C-8EB9-421F-9A40-AA1610C72249}.Release|Any CPU.ActiveCfg = Release|Any CPU
		{EDBF213C-8EB9-421F-9A40-AA1610C72249}.Release|Any CPU.Build.0 = Release|Any CPU
		{820281A9-711B-4949-952D-36AE6C2214CA}.Debug|Any CPU.ActiveCfg = Debug|Any CPU
		{820281A9-711B-4949-952D-36AE6C2214CA}.Debug|Any CPU.Build.0 = Debug|Any CPU
		{820281A9-711B-4949-952D-36AE6C2214CA}.Release|Any CPU.ActiveCfg = Release|Any CPU
		{820281A9-711B-4949-952D-36AE6C2214CA}.Release|Any CPU.Build.0 = Release|Any CPU
		{2D13CF75-5D25-4395-B506-D2DE64398A92}.Debug|Any CPU.ActiveCfg = Debug|Any CPU
		{2D13CF75-5D25-4395-B506-D2DE64398A92}.Debug|Any CPU.Build.0 = Debug|Any CPU
		{2D13CF75-5D25-4395-B506-D2DE64398A92}.Release|Any CPU.ActiveCfg = Release|Any CPU
		{2D13CF75-5D25-4395-B506-D2DE64398A92}.Release|Any CPU.Build.0 = Release|Any CPU
		{0B9776FA-977E-440F-B584-CF6EE3CAC655}.Debug|Any CPU.ActiveCfg = Debug|Any CPU
		{0B9776FA-977E-440F-B584-CF6EE3CAC655}.Debug|Any CPU.Build.0 = Debug|Any CPU
		{0B9776FA-977E-440F-B584-CF6EE3CAC655}.Release|Any CPU.ActiveCfg = Release|Any CPU
		{0B9776FA-977E-440F-B584-CF6EE3CAC655}.Release|Any CPU.Build.0 = Release|Any CPU
		{743EAD5D-88B4-4BBD-AF8A-3C41149CB346}.Debug|Any CPU.ActiveCfg = Debug|Any CPU
		{743EAD5D-88B4-4BBD-AF8A-3C41149CB346}.Debug|Any CPU.Build.0 = Debug|Any CPU
		{743EAD5D-88B4-4BBD-AF8A-3C41149CB346}.Release|Any CPU.ActiveCfg = Release|Any CPU
		{743EAD5D-88B4-4BBD-AF8A-3C41149CB346}.Release|Any CPU.Build.0 = Release|Any CPU
		{20F6FA5A-8583-43DB-AEF1-FED3B1627031}.Debug|Any CPU.ActiveCfg = Debug|Any CPU
		{20F6FA5A-8583-43DB-AEF1-FED3B1627031}.Debug|Any CPU.Build.0 = Debug|Any CPU
		{20F6FA5A-8583-43DB-AEF1-FED3B1627031}.Release|Any CPU.ActiveCfg = Release|Any CPU
		{20F6FA5A-8583-43DB-AEF1-FED3B1627031}.Release|Any CPU.Build.0 = Release|Any CPU
		{806BB5EE-7CE2-47E8-9A6A-D0E75ABB32DF}.Debug|Any CPU.ActiveCfg = Debug|Any CPU
		{806BB5EE-7CE2-47E8-9A6A-D0E75ABB32DF}.Debug|Any CPU.Build.0 = Debug|Any CPU
		{806BB5EE-7CE2-47E8-9A6A-D0E75ABB32DF}.Release|Any CPU.ActiveCfg = Release|Any CPU
		{806BB5EE-7CE2-47E8-9A6A-D0E75ABB32DF}.Release|Any CPU.Build.0 = Release|Any CPU
		{B7C96456-64F3-434E-AD90-C2DCFCDAEE10}.Debug|Any CPU.ActiveCfg = Debug|Any CPU
		{B7C96456-64F3-434E-AD90-C2DCFCDAEE10}.Debug|Any CPU.Build.0 = Debug|Any CPU
		{B7C96456-64F3-434E-AD90-C2DCFCDAEE10}.Release|Any CPU.ActiveCfg = Release|Any CPU
		{B7C96456-64F3-434E-AD90-C2DCFCDAEE10}.Release|Any CPU.Build.0 = Release|Any CPU
		{F6F83CE5-544E-442E-AB3B-479C42B9CA84}.Debug|Any CPU.ActiveCfg = Debug|Any CPU
		{F6F83CE5-544E-442E-AB3B-479C42B9CA84}.Debug|Any CPU.Build.0 = Debug|Any CPU
		{F6F83CE5-544E-442E-AB3B-479C42B9CA84}.Release|Any CPU.ActiveCfg = Release|Any CPU
		{F6F83CE5-544E-442E-AB3B-479C42B9CA84}.Release|Any CPU.Build.0 = Release|Any CPU
		{EC63C893-E907-47E7-A546-AAE857353D0B}.Debug|Any CPU.ActiveCfg = Debug|Any CPU
		{EC63C893-E907-47E7-A546-AAE857353D0B}.Debug|Any CPU.Build.0 = Debug|Any CPU
		{EC63C893-E907-47E7-A546-AAE857353D0B}.Release|Any CPU.ActiveCfg = Release|Any CPU
		{EC63C893-E907-47E7-A546-AAE857353D0B}.Release|Any CPU.Build.0 = Release|Any CPU
		{144FABF4-3BBC-44EB-9297-E0B031AD497D}.Debug|Any CPU.ActiveCfg = Debug|Any CPU
		{144FABF4-3BBC-44EB-9297-E0B031AD497D}.Debug|Any CPU.Build.0 = Debug|Any CPU
		{144FABF4-3BBC-44EB-9297-E0B031AD497D}.Release|Any CPU.ActiveCfg = Release|Any CPU
		{144FABF4-3BBC-44EB-9297-E0B031AD497D}.Release|Any CPU.Build.0 = Release|Any CPU
		{BC5C49DF-FCFA-40FB-A319-07367E99B36C}.Debug|Any CPU.ActiveCfg = Debug|Any CPU
		{BC5C49DF-FCFA-40FB-A319-07367E99B36C}.Debug|Any CPU.Build.0 = Debug|Any CPU
		{BC5C49DF-FCFA-40FB-A319-07367E99B36C}.Release|Any CPU.ActiveCfg = Release|Any CPU
		{BC5C49DF-FCFA-40FB-A319-07367E99B36C}.Release|Any CPU.Build.0 = Release|Any CPU
		{55071B77-C6C3-4C07-9F03-DB7DE45186DF}.Debug|Any CPU.ActiveCfg = Debug|Any CPU
		{55071B77-C6C3-4C07-9F03-DB7DE45186DF}.Debug|Any CPU.Build.0 = Debug|Any CPU
		{55071B77-C6C3-4C07-9F03-DB7DE45186DF}.Release|Any CPU.ActiveCfg = Release|Any CPU
		{55071B77-C6C3-4C07-9F03-DB7DE45186DF}.Release|Any CPU.Build.0 = Release|Any CPU
	EndGlobalSection
EndGlobal
